
Microsoft Visual Studio Solution File, Format Version 12.00
# Visual Studio Version 17
VisualStudioVersion = 17.14.36429.23 d17.14
MinimumVisualStudioVersion = 10.0.40219.1
Project("{FAE04EC0-301F-11D3-BF4B-00C04F79EFBC}") = "Programa15", "Programa15\Programa15.csproj", "{DB901F46-5E7D-469B-AA9B-BA2C7514BDFE}"
EndProject
Global
	GlobalSection(SolutionConfigurationPlatforms) = preSolution
		Debug|Any CPU = Debug|Any CPU
		Release|Any CPU = Release|Any CPU
	EndGlobalSection
	GlobalSection(ProjectConfigurationPlatforms) = postSolution
		{DB901F46-5E7D-469B-AA9B-BA2C7514BDFE}.Debug|Any CPU.ActiveCfg = Debug|Any CPU
		{DB901F46-5E7D-469B-AA9B-BA2C7514BDFE}.Debug|Any CPU.Build.0 = Debug|Any CPU
		{DB901F46-5E7D-469B-AA9B-BA2C7514BDFE}.Release|Any CPU.ActiveCfg = Release|Any CPU
		{DB901F46-5E7D-469B-AA9B-BA2C7514BDFE}.Release|Any CPU.Build.0 = Release|Any CPU
	EndGlobalSection
	GlobalSection(SolutionProperties) = preSolution
		HideSolutionNode = FALSE
	EndGlobalSection
	GlobalSection(ExtensibilityGlobals) = postSolution
		SolutionGuid = {E11A24BE-405A-496D-AD06-CEC95D585A4D}
	EndGlobalSection
EndGlobal
